// !$*UTF8*$!
{
	archiveVersion = 1;
	classes = {
	};
	objectVersion = 48;
	objects = {

/* Begin PBXBuildFile section */
		6111970A1FA30EE600E9B486 /* AppDelegate.m in Sources */ = {isa = PBXBuildFile; fileRef = 611197091FA30EE600E9B486 /* AppDelegate.m */; };
		6111970C1FA30EE600E9B486 /* Assets.xcassets in Resources */ = {isa = PBXBuildFile; fileRef = 6111970B1FA30EE600E9B486 /* Assets.xcassets */; };
		6111970F1FA30EE600E9B486 /* LaunchScreen.storyboard in Resources */ = {isa = PBXBuildFile; fileRef = 6111970D1FA30EE600E9B486 /* LaunchScreen.storyboard */; };
		611197121FA30EE600E9B486 /* main.m in Sources */ = {isa = PBXBuildFile; fileRef = 611197111FA30EE600E9B486 /* main.m */; };
		6111971A1FA3178E00E9B486 /* LockViewController.m in Sources */ = {isa = PBXBuildFile; fileRef = 611197191FA3178E00E9B486 /* LockViewController.m */; };
		6111971D1FA3188600E9B486 /* DKSLockView.m in Sources */ = {isa = PBXBuildFile; fileRef = 6111971C1FA3188600E9B486 /* DKSLockView.m */; };
/* End PBXBuildFile section */

/* Begin PBXFileReference section */
		611197051FA30EE600E9B486 /* DKSGestureLockDemo.app */ = {isa = PBXFileReference; explicitFileType = wrapper.application; includeInIndex = 0; path = DKSGestureLockDemo.app; sourceTree = BUILT_PRODUCTS_DIR; };
		611197081FA30EE600E9B486 /* AppDelegate.h */ = {isa = PBXFileReference; lastKnownFileType = sourcecode.c.h; path = AppDelegate.h; sourceTree = "<group>"; };
		611197091FA30EE600E9B486 /* AppDelegate.m */ = {isa = PBXFileReference; lastKnownFileType = sourcecode.c.objc; path = AppDelegate.m; sourceTree = "<group>"; };
		6111970B1FA30EE600E9B486 /* Assets.xcassets */ = {isa = PBXFileReference; lastKnownFileType = folder.assetcatalog; path = Assets.xcassets; sourceTree = "<group>"; };
		6111970E1FA30EE600E9B486 /* Base */ = {isa = PBXFileReference; lastKnownFileType = file.storyboard; name = Base; path = Base.lproj/LaunchScreen.storyboard; sourceTree = "<group>"; };
		611197101FA30EE600E9B486 /* Info.plist */ = {isa = PBXFileReference; lastKnownFileType = text.plist.xml; path = Info.plist; sourceTree = "<group>"; };
		611197111FA30EE600E9B486 /* main.m */ = {isa = PBXFileReference; lastKnownFileType = sourcecode.c.objc; path = main.m; sourceTree = "<group>"; };
		611197181FA3178E00E9B486 /* LockViewController.h */ = {isa = PBXFileReference; lastKnownFileType = sourcecode.c.h; path = LockViewController.h; sourceTree = "<group>"; };
		611197191FA3178E00E9B486 /* LockViewController.m */ = {isa = PBXFileReference; lastKnownFileType = sourcecode.c.objc; path = LockViewController.m; sourceTree = "<group>"; };
		6111971B1FA3188600E9B486 /* DKSLockView.h */ = {isa = PBXFileReference; lastKnownFileType = sourcecode.c.h; path = DKSLockView.h; sourceTree = "<group>"; };
		6111971C1FA3188600E9B486 /* DKSLockView.m */ = {isa = PBXFileReference; lastKnownFileType = sourcecode.c.objc; path = DKSLockView.m; sourceTree = "<group>"; };
/* End PBXFileReference section */

/* Begin PBXFrameworksBuildPhase section */
		611197021FA30EE600E9B486 /* Frameworks */ = {
			isa = PBXFrameworksBuildPhase;
			buildActionMask = 2147483647;
			files = (
			);
			runOnlyForDeploymentPostprocessing = 0;
		};
/* End PBXFrameworksBuildPhase section */

/* Begin PBXGroup section */
		611196FC1FA30EE600E9B486 = {
			isa = PBXGroup;
			children = (
				611197071FA30EE600E9B486 /* DKSGestureLockDemo */,
				611197061FA30EE600E9B486 /* Products */,
			);
			sourceTree = "<group>";
		};
		611197061FA30EE600E9B486 /* Products */ = {
			isa = PBXGroup;
			children = (
				611197051FA30EE600E9B486 /* DKSGestureLockDemo.app */,
			);
			name = Products;
			sourceTree = "<group>";
		};
		611197071FA30EE600E9B486 /* DKSGestureLockDemo */ = {
			isa = PBXGroup;
			children = (
				611197081FA30EE600E9B486 /* AppDelegate.h */,
				611197091FA30EE600E9B486 /* AppDelegate.m */,
				611197181FA3178E00E9B486 /* LockViewController.h */,
				611197191FA3178E00E9B486 /* LockViewController.m */,
				6111971B1FA3188600E9B486 /* DKSLockView.h */,
				6111971C1FA3188600E9B486 /* DKSLockView.m */,
				6111970B1FA30EE600E9B486 /* Assets.xcassets */,
				6111970D1FA30EE600E9B486 /* LaunchScreen.storyboard */,
				611197101FA30EE600E9B486 /* Info.plist */,
				611197111FA30EE600E9B486 /* main.m */,
			);
			path = DKSGestureLockDemo;
			sourceTree = "<group>";
		};
/* End PBXGroup section */

/* Begin PBXNativeTarget section */
		611197041FA30EE600E9B486 /* DKSGestureLockDemo */ = {
			isa = PBXNativeTarget;
			buildConfigurationList = 611197151FA30EE600E9B486 /* Build configuration list for PBXNativeTarget "DKSGestureLockDemo" */;
			buildPhases = (
				611197011FA30EE600E9B486 /* Sources */,
				611197021FA30EE600E9B486 /* Frameworks */,
				611197031FA30EE600E9B486 /* Resources */,
			);
			buildRules = (
			);
			dependencies = (
			);
			name = DKSGestureLockDemo;
			productName = DKSGestureLockDemo;
			productReference = 611197051FA30EE600E9B486 /* DKSGestureLockDemo.app */;
			productType = "com.apple.product-type.application";
		};
/* End PBXNativeTarget section */

/* Begin PBXProject section */
		611196FD1FA30EE600E9B486 /* Project object */ = {
			isa = PBXProject;
			attributes = {
				LastUpgradeCheck = 0900;
				ORGANIZATIONNAME = DuKaiShun;
				TargetAttributes = {
					611197041FA30EE600E9B486 = {
						CreatedOnToolsVersion = 9.0;
						ProvisioningStyle = Automatic;
					};
				};
			};
			buildConfigurationList = 611197001FA30EE600E9B486 /* Build configuration list for PBXProject "DKSGestureLockDemo" */;
			compatibilityVersion = "Xcode 8.0";
			developmentRegion = en;
			hasScannedForEncodings = 0;
			knownRegions = (
				en,
				Base,
			);
			mainGroup = 611196FC1FA30EE600E9B486;
			productRefGroup = 611197061FA30EE600E9B486 /* Products */;
			projectDirPath = "";
			projectRoot = "";
			targets = (
				611197041FA30EE600E9B486 /* DKSGestureLockDemo */,
			);
		};
/* End PBXProject section */

/* Begin PBXResourcesBuildPhase section */
		611197031FA30EE600E9B486 /* Resources */ = {
			isa = PBXResourcesBuildPhase;
			buildActionMask = 2147483647;
			files = (
				6111970C1FA30EE600E9B486 /* Assets.xcassets in Resources */,
				6111970F1FA30EE600E9B486 /* LaunchScreen.storyboard in Resources */,
			);
			runOnlyForDeploymentPostprocessing = 0;
		};
/* End PBXResourcesBuildPhase section */

/* Begin PBXSourcesBuildPhase section */
		611197011FA30EE600E9B486 /* Sources */ = {
			isa = PBXSourcesBuildPhase;
			buildActionMask = 2147483647;
			files = (
				611197121FA30EE600E9B486 /* main.m in Sources */,
				6111971A1FA3178E00E9B486 /* LockViewController.m in Sources */,
				6111971D1FA3188600E9B486 /* DKSLockView.m in Sources */,
				6111970A1FA30EE600E9B486 /* AppDelegate.m in Sources */,
			);
			runOnlyForDeploymentPostprocessing = 0;
		};
/* End PBXSourcesBuildPhase section */

/* Begin PBXVariantGroup section */
		6111970D1FA30EE600E9B486 /* LaunchScreen.storyboard */ = {
			isa = PBXVariantGroup;
			children = (
				6111970E1FA30EE600E9B486 /* Base */,
			);
			name = LaunchScreen.storyboard;
			sourceTree = "<group>";
		};
/* End PBXVariantGroup section */

/* Begin XCBuildConfiguration section */
		611197131FA30EE600E9B486 /* Debug */ = {
			isa = XCBuildConfiguration;
			buildSettings = {
				ALWAYS_SEARCH_USER_PATHS = NO;
				CLANG_ANALYZER_NONNULL = YES;
				CLANG_ANALYZER_NUMBER_OBJECT_CONVERSION = YES_AGGRESSIVE;
				CLANG_CXX_LANGUAGE_STANDARD = "gnu++14";
				CLANG_CXX_LIBRARY = "libc++";
				CLANG_ENABLE_MODULES = YES;
				CLANG_ENABLE_OBJC_ARC = YES;
				CLANG_WARN_BLOCK_CAPTURE_AUTORELEASING = YES;
				CLANG_WARN_BOOL_CONVERSION = YES;
				CLANG_WARN_COMMA = YES;
				CLANG_WARN_CONSTANT_CONVERSION = YES;
				CLANG_WARN_DIRECT_OBJC_ISA_USAGE = YES_ERROR;
				CLANG_WARN_DOCUMENTATION_COMMENTS = YES;
				CLANG_WARN_EMPTY_BODY = YES;
				CLANG_WARN_ENUM_CONVERSION = YES;
				CLANG_WARN_INFINITE_RECURSION = YES;
				CLANG_WARN_INT_CONVERSION = YES;
				CLANG_WARN_NON_LITERAL_NULL_CONVERSION = YES;
				CLANG_WARN_OBJC_LITERAL_CONVERSION = YES;
				CLANG_WARN_OBJC_ROOT_CLASS = YES_ERROR;
				CLANG_WARN_RANGE_LOOP_ANALYSIS = YES;
				CLANG_WARN_STRICT_PROTOTYPES = YES;
				CLANG_WARN_SUSPICIOUS_MOVE = YES;
				CLANG_WARN_UNGUARDED_AVAILABILITY = YES_AGGRESSIVE;
				CLANG_WARN_UNREACHABLE_CODE = YES;
				CLANG_WARN__DUPLICATE_METHOD_MATCH = YES;
				CODE_SIGN_IDENTITY = "iPhone Developer";
				COPY_PHASE_STRIP = NO;
				DEBUG_INFORMATION_FORMAT = dwarf;
				ENABLE_STRICT_OBJC_MSGSEND = YES;
				ENABLE_TESTABILITY = YES;
				GCC_C_LANGUAGE_STANDARD = gnu11;
				GCC_DYNAMIC_NO_PIC = NO;
				GCC_NO_COMMON_BLOCKS = YES;
				GCC_OPTIMIZATION_LEVEL = 0;
				GCC_PREPROCESSOR_DEFINITIONS = (
					"DEBUG=1",
					"$(inherited)",
				);
				GCC_WARN_64_TO_32_BIT_CONVERSION = YES;
				GCC_WARN_ABOUT_RETURN_TYPE = YES_ERROR;
				GCC_WARN_UNDECLARED_SELECTOR = YES;
				GCC_WARN_UNINITIALIZED_AUTOS = YES_AGGRESSIVE;
				GCC_WARN_UNUSED_FUNCTION = YES;
				GCC_WARN_UNUSED_VARIABLE = YES;
				IPHONEOS_DEPLOYMENT_TARGET = 8.0;
				MTL_ENABLE_DEBUG_INFO = YES;
				ONLY_ACTIVE_ARCH = YES;
				SDKROOT = iphoneos;
			};
			name = Debug;
		};
		611197141FA30EE600E9B486 /* Release */ = {
			isa = XCBuildConfiguration;
			buildSettings = {
				ALWAYS_SEARCH_USER_PATHS = NO;
				CLANG_ANALYZER_NONNULL = YES;
				CLANG_ANALYZER_NUMBER_OBJECT_CONVERSION = YES_AGGRESSIVE;
				CLANG_CXX_LANGUAGE_STANDARD = "gnu++14";
				CLANG_CXX_LIBRARY = "libc++";
				CLANG_ENABLE_MODULES = YES;
				CLANG_ENABLE_OBJC_ARC = YES;
				CLANG_WARN_BLOCK_CAPTURE_AUTORELEASING = YES;
				CLANG_WARN_BOOL_CONVERSION = YES;
				CLANG_WARN_COMMA = YES;
				CLANG_WARN_CONSTANT_CONVERSION = YES;
				CLANG_WARN_DIRECT_OBJC_ISA_USAGE = YES_ERROR;
				CLANG_WARN_DOCUMENTATION_COMMENTS = YES;
				CLANG_WARN_EMPTY_BODY = YES;
				CLANG_WARN_ENUM_CONVERSION = YES;
				CLANG_WARN_INFINITE_RECURSION = YES;
				CLANG_WARN_INT_CONVERSION = YES;
				CLANG_WARN_NON_LITERAL_NULL_CONVERSION = YES;
				CLANG_WARN_OBJC_LITERAL_CONVERSION = YES;
				CLANG_WARN_OBJC_ROOT_CLASS = YES_ERROR;
				CLANG_WARN_RANGE_LOOP_ANALYSIS = YES;
				CLANG_WARN_STRICT_PROTOTYPES = YES;
				CLANG_WARN_SUSPICIOUS_MOVE = YES;
				CLANG_WARN_UNGUARDED_AVAILABILITY = YES_AGGRESSIVE;
				CLANG_WARN_UNREACHABLE_CODE = YES;
				CLANG_WARN__DUPLICATE_METHOD_MATCH = YES;
				CODE_SIGN_IDENTITY = "iPhone Developer";
				COPY_PHASE_STRIP = NO;
				DEBUG_INFORMATION_FORMAT = "dwarf-with-dsym";
				ENABLE_NS_ASSERTIONS = NO;
				ENABLE_STRICT_OBJC_MSGSEND = YES;
				GCC_C_LANGUAGE_STANDARD = gnu11;
				GCC_NO_COMMON_BLOCKS = YES;
				GCC_WARN_64_TO_32_BIT_CONVERSION = YES;
				GCC_WARN_ABOUT_RETURN_TYPE = YES_ERROR;
				GCC_WARN_UNDECLARED_SELECTOR = YES;
				GCC_WARN_UNINITIALIZED_AUTOS = YES_AGGRESSIVE;
				GCC_WARN_UNUSED_FUNCTION = YES;
				GCC_WARN_UNUSED_VARIABLE = YES;
				IPHONEOS_DEPLOYMENT_TARGET = 8.0;
				MTL_ENABLE_DEBUG_INFO = NO;
				SDKROOT = iphoneos;
				VALIDATE_PRODUCT = YES;
			};
			name = Release;
		};
		611197161FA30EE600E9B486 /* Debug */ = {
			isa = XCBuildConfiguration;
			buildSettings = {
				ASSETCATALOG_COMPILER_APPICON_NAME = AppIcon;
				CODE_SIGN_STYLE = Automatic;
				DEVELOPMENT_TEAM = X42645MK9G;
				INFOPLIST_FILE = DKSGestureLockDemo/Info.plist;
				IPHONEOS_DEPLOYMENT_TARGET = 8.0;
				LD_RUNPATH_SEARCH_PATHS = "$(inherited) @executable_path/Frameworks";
				PRODUCT_BUNDLE_IDENTIFIER = com.robooot.DKSGestureLockDemo;
				PRODUCT_NAME = "$(TARGET_NAME)";
				TARGETED_DEVICE_FAMILY = "1,2";
			};
			name = Debug;
		};
		611197171FA30EE600E9B486 /* Release */ = {
			isa = XCBuildConfiguration;
			buildSettings = {
				ASSETCATALOG_COMPILER_APPICON_NAME = AppIcon;
				CODE_SIGN_STYLE = Automatic;
				DEVELOPMENT_TEAM = X42645MK9G;
				INFOPLIST_FILE = DKSGestureLockDemo/Info.plist;
				IPHONEOS_DEPLOYMENT_TARGET = 8.0;
				LD_RUNPATH_SEARCH_PATHS = "$(inherited) @executable_path/Frameworks";
				PRODUCT_BUNDLE_IDENTIFIER = com.robooot.DKSGestureLockDemo;
				PRODUCT_NAME = "$(TARGET_NAME)";
				TARGETED_DEVICE_FAMILY = "1,2";
			};
			name = Release;
		};
/* End XCBuildConfiguration section */

/* Begin XCConfigurationList section */
		611197001FA30EE600E9B486 /* Build configuration list for PBXProject "DKSGestureLockDemo" */ = {
			isa = XCConfigurationList;
			buildConfigurations = (
				611197131FA30EE600E9B486 /* Debug */,
				611197141FA30EE600E9B486 /* Release */,
			);
			defaultConfigurationIsVisible = 0;
			defaultConfigurationName = Release;
		};
		611197151FA30EE600E9B486 /* Build configuration list for PBXNativeTarget "DKSGestureLockDemo" */ = {
			isa = XCConfigurationList;
			buildConfigurations = (
				611197161FA30EE600E9B486 /* Debug */,
				611197171FA30EE600E9B486 /* Release */,
			);
			defaultConfigurationIsVisible = 0;
			defaultConfigurationName = Release;
		};
/* End XCConfigurationList section */
	};
	rootObject = 611196FD1FA30EE600E9B486 /* Project object */;
}
